Microsoft Visual Studio Solution File, Format Version 11.00
# Visual Studio 2008

Project("{65979DF2-FCFE-FB83-763B-9458B320B61D}") = "AR Maze Game 2", "Assembly-CSharp.csproj", "{C84DEFD7-06AA-9D49-0F54-755318562F41}"
EndProject
Project("{65979DF2-FCFE-FB83-763B-9458B320B61D}") = "AR Maze Game 2", "Assembly-CSharp-Editor.csproj", "{38FD06F1-6B00-D475-2F1A-36E7E9A09551}"
EndProject
Global
	GlobalSection(SolutionConfigurationPlatforms) = preSolution
		Debug|Any CPU = Debug|Any CPU
		Release|Any CPU = Release|Any CPU
	EndGlobalSection
	GlobalSection(ProjectConfigurationPlatforms) = postSolution
		{C84DEFD7-06AA-9D49-0F54-755318562F41}.Debug|Any CPU.ActiveCfg = Debug|Any CPU
		{C84DEFD7-06AA-9D49-0F54-755318562F41}.Debug|Any CPU.Build.0 = Debug|Any CPU
		{C84DEFD7-06AA-9D49-0F54-755318562F41}.Release|Any CPU.ActiveCfg = Release|Any CPU
		{C84DEFD7-06AA-9D49-0F54-755318562F41}.Release|Any CPU.Build.0 = Release|Any CPU
		{38FD06F1-6B00-D475-2F1A-36E7E9A09551}.Debug|Any CPU.ActiveCfg = Debug|Any CPU
		{38FD06F1-6B00-D475-2F1A-36E7E9A09551}.Debug|Any CPU.Build.0 = Debug|Any CPU
		{38FD06F1-6B00-D475-2F1A-36E7E9A09551}.Release|Any CPU.ActiveCfg = Release|Any CPU
		{38FD06F1-6B00-D475-2F1A-36E7E9A09551}.Release|Any CPU.Build.0 = Release|Any CPU
	EndGlobalSection
	GlobalSection(SolutionProperties) = preSolution
		HideSolutionNode = FALSE
	EndGlobalSection
	GlobalSection(MonoDevelopProperties) = preSolution
		StartupItem = Assembly-CSharp.csproj
	EndGlobalSection
EndGlobal
